<?xml version="1.0" encoding="utf-8"?>
<Project ToolsVersion="4.0" xmlns="http://schemas.microsoft.com/developer/msbuild/2003">
  <ItemGroup>
    <ClCompile Include="..\src\main.cpp" />
    <ClCompile Include="..\src\MainWindow.cpp" />
  </ItemGroup>
  <ItemGroup>
    <ClInclude Include="..\src\ishape.h" />
    <ClInclude Include="..\src\square.h" />
    <ClInclude Include="..\src\circle.h" />
    <ClInclude Include="..\src\MainWindow.h" />
  </ItemGroup>
</Project>