
Microsoft Visual Studio Solution File, Format Version 12.00
# Visual Studio Version 16
VisualStudioVersion = 16.0.33801.447
MinimumVisualStudioVersion = 10.0.40219.1
Project("{8BC9CEB8-8B4A-11D0-8D11-00A0C91BC942}") = "homework_5", "homework_5.vcxproj", "{1EBE11DE-C2F5-4414-82CB-F8E3CC24DE4A}"
EndProject
Global
	GlobalSection(SolutionConfigurationPlatforms) = preSolution
		Debug|Win32 = Debug|Win32
		Debug|x64 = Debug|x64
		Release|Win32 = Release|Win32
		Release|x64 = Release|x64
	EndGlobalSection
	GlobalSection(ProjectConfigurationPlatforms) = postSolution
		{1EBE11DE-C2F5-4414-82CB-F8E3CC24DE4A}.Debug|Win32.ActiveCfg = Debug|Win32
		{1EBE11DE-C2F5-4414-82CB-F8E3CC24DE4A}.Debug|Win32.Build.0 = Debug|Win32
		{1EBE11DE-C2F5-4414-82CB-F8E3CC24DE4A}.Debug|x64.ActiveCfg = Debug|x64
		{1EBE11DE-C2F5-4414-82CB-F8E3CC24DE4A}.Debug|x64.Build.0 = Debug|x64
		{1EBE11DE-C2F5-4414-82CB-F8E3CC24DE4A}.Release|Win32.ActiveCfg = Release|Win32
		{1EBE11DE-C2F5-4414-82CB-F8E3CC24DE4A}.Release|Win32.Build.0 = Release|Win32
		{1EBE11DE-C2F5-4414-82CB-F8E3CC24DE4A}.Release|x64.ActiveCfg = Release|x64
		{1EBE11DE-C2F5-4414-82CB-F8E3CC24DE4A}.Release|x64.Build.0 = Release|x64
	EndGlobalSection
	GlobalSection(SolutionProperties) = preSolution
		HideSolutionNode = FALSE
	EndGlobalSection
	GlobalSection(ExtensibilityGlobals) = postSolution
		SolutionGuid = {A7F3BE32-6538-4F42-B1DF-1175170A33C1}
	EndGlobalSection
EndGlobal
